
Microsoft Visual Studio Solution File, Format Version 12.00
# Visual Studio Version 17
VisualStudioVersion = 17.8.34316.72
MinimumVisualStudioVersion = 10.0.40219.1
Project("{2150E333-8FDC-42A3-9474-1A3956D46DE8}") = "ApiGateways", "ApiGateways", "{99F2157B-ABA6-416B-8E1E-877FB423A266}"
EndProject
Project("{2150E333-8FDC-42A3-9474-1A3956D46DE8}") = "BuildingBlocks", "BuildingBlocks", "{CE3480DE-DD07-4100-9D4A-4E8F3C0290C0}"
EndProject
Project("{2150E333-8FDC-42A3-9474-1A3956D46DE8}") = "Services", "Services", "{16004A43-7980-44AA-8F36-AB4086828472}"
EndProject
Project("{9A19103F-16F7-4668-BE54-9A1E7A4F7556}") = "OcelotApiGw", "ApiGateways\OcelotApiGw\OcelotApiGw.csproj", "{84880B2C-25D7-44DA-9044-01B5B8D1D634}"
EndProject
Project("{9A19103F-16F7-4668-BE54-9A1E7A4F7556}") = "Common.Logging", "BuildingBlocks\Common.Logging\Common.Logging.csproj", "{BBDE066B-4BD8-42CA-9D0A-DEDC3037955B}"
EndProject
Project("{9A19103F-16F7-4668-BE54-9A1E7A4F7556}") = "Contracts", "BuildingBlocks\Contracts\Contracts.csproj", "{4EC231D3-270E-48CE-AF8C-9586CE7ADD1F}"
EndProject
Project("{9A19103F-16F7-4668-BE54-9A1E7A4F7556}") = "Infrastructure", "BuildingBlocks\Infrastructure\Infrastructure.csproj", "{4208B95C-F4B7-4649-8026-09B0C96EB1AB}"
EndProject
Project("{9A19103F-16F7-4668-BE54-9A1E7A4F7556}") = "Shared", "BuildingBlocks\Shared\Shared.csproj", "{42DB2C97-7011-4365-8167-BED5EA99D066}"
EndProject
Project("{2150E333-8FDC-42A3-9474-1A3956D46DE8}") = "Identity", "Identity", "{9B334EED-220C-415B-97E7-99F4E8372080}"
EndProject
Project("{2150E333-8FDC-42A3-9474-1A3956D46DE8}") = "Booking", "Booking", "{3DFBBFB6-C817-44E6-AE5C-78D6962EBDB3}"
EndProject
Project("{2150E333-8FDC-42A3-9474-1A3956D46DE8}") = "Tour", "Tour", "{CC1885BF-DA29-4569-8CCD-BDE007F9BA07}"
EndProject
Project("{9A19103F-16F7-4668-BE54-9A1E7A4F7556}") = "Identity.API", "Services\Identity.API\Identity.API.csproj", "{2F18513F-B0AE-49EC-BBDD-974A85266759}"
EndProject
Project("{2150E333-8FDC-42A3-9474-1A3956D46DE8}") = "Solution Items", "Solution Items", "{434D5AED-D4CD-4011-A1D4-BFF8EFF261D1}"
	ProjectSection(SolutionItems) = preProject
		.env = .env
		docker-compose.override.yml = docker-compose.override.yml
		docker-compose.yml = docker-compose.yml
	EndProjectSection
EndProject
Project("{2150E333-8FDC-42A3-9474-1A3956D46DE8}") = "Room", "Room", "{30B9364A-ED32-49D2-B7D8-32E671E8BB77}"
EndProject
Project("{9A19103F-16F7-4668-BE54-9A1E7A4F7556}") = "EventBus", "BuildingBlocks\EventBus\EventBus\EventBus.csproj", "{09E24A76-F978-444C-A73B-BA9AAAA3ED36}"
EndProject
Project("{2150E333-8FDC-42A3-9474-1A3956D46DE8}") = "Upload", "Upload", "{08F6E210-9731-4439-B959-F3FAEF49E5C7}"
EndProject
Project("{9A19103F-16F7-4668-BE54-9A1E7A4F7556}") = "Upload.API", "Services\Upload.API\Upload.API.csproj", "{D8FAFD79-D1F7-44C9-9A50-AC91B57D3BB5}"
EndProject
Project("{9A19103F-16F7-4668-BE54-9A1E7A4F7556}") = "Tour.API", "Services\Tour.API\Tour.API.csproj", "{4E38F9D6-B24F-4775-A083-FACFA98C4DA8}"
EndProject
Project("{9A19103F-16F7-4668-BE54-9A1E7A4F7556}") = "Room.API", "Services\Room.API\Room.API.csproj", "{AF11A28E-22AB-479C-BC7B-FE0131E8B34E}"
EndProject
Project("{9A19103F-16F7-4668-BE54-9A1E7A4F7556}") = "Booking.API", "Services\Booking.API\Booking.API.csproj", "{49F18646-4045-40A0-98A8-8047A849EDE2}"
EndProject
Project("{2150E333-8FDC-42A3-9474-1A3956D46DE8}") = "Saga.Orchestrator", "Saga.Orchestrator", "{12E0AEAC-6992-4151-A27A-7B62040E2566}"
EndProject
Project("{9A19103F-16F7-4668-BE54-9A1E7A4F7556}") = "Saga.Orchestrator", "Saga.Orchestrator\Saga.Orchestrator\Saga.Orchestrator.csproj", "{A07BA41B-16EA-4295-8BE9-D1F9826CBBF3}"
EndProject
Global
	GlobalSection(SolutionConfigurationPlatforms) = preSolution
		Debug|Any CPU = Debug|Any CPU
		Release|Any CPU = Release|Any CPU
	EndGlobalSection
	GlobalSection(ProjectConfigurationPlatforms) = postSolution
		{84880B2C-25D7-44DA-9044-01B5B8D1D634}.Debug|Any CPU.ActiveCfg = Debug|Any CPU
		{84880B2C-25D7-44DA-9044-01B5B8D1D634}.Debug|Any CPU.Build.0 = Debug|Any CPU
		{84880B2C-25D7-44DA-9044-01B5B8D1D634}.Release|Any CPU.ActiveCfg = Release|Any CPU
		{84880B2C-25D7-44DA-9044-01B5B8D1D634}.Release|Any CPU.Build.0 = Release|Any CPU
		{BBDE066B-4BD8-42CA-9D0A-DEDC3037955B}.Debug|Any CPU.ActiveCfg = Debug|Any CPU
		{BBDE066B-4BD8-42CA-9D0A-DEDC3037955B}.Debug|Any CPU.Build.0 = Debug|Any CPU
		{BBDE066B-4BD8-42CA-9D0A-DEDC3037955B}.Release|Any CPU.ActiveCfg = Release|Any CPU
		{BBDE066B-4BD8-42CA-9D0A-DEDC3037955B}.Release|Any CPU.Build.0 = Release|Any CPU
		{4EC231D3-270E-48CE-AF8C-9586CE7ADD1F}.Debug|Any CPU.ActiveCfg = Debug|Any CPU
		{4EC231D3-270E-48CE-AF8C-9586CE7ADD1F}.Debug|Any CPU.Build.0 = Debug|Any CPU
		{4EC231D3-270E-48CE-AF8C-9586CE7ADD1F}.Release|Any CPU.ActiveCfg = Release|Any CPU
		{4EC231D3-270E-48CE-AF8C-9586CE7ADD1F}.Release|Any CPU.Build.0 = Release|Any CPU
		{4208B95C-F4B7-4649-8026-09B0C96EB1AB}.Debug|Any CPU.ActiveCfg = Debug|Any CPU
		{4208B95C-F4B7-4649-8026-09B0C96EB1AB}.Debug|Any CPU.Build.0 = Debug|Any CPU
		{4208B95C-F4B7-4649-8026-09B0C96EB1AB}.Release|Any CPU.ActiveCfg = Release|Any CPU
		{4208B95C-F4B7-4649-8026-09B0C96EB1AB}.Release|Any CPU.Build.0 = Release|Any CPU
		{42DB2C97-7011-4365-8167-BED5EA99D066}.Debug|Any CPU.ActiveCfg = Debug|Any CPU
		{42DB2C97-7011-4365-8167-BED5EA99D066}.Debug|Any CPU.Build.0 = Debug|Any CPU
		{42DB2C97-7011-4365-8167-BED5EA99D066}.Release|Any CPU.ActiveCfg = Release|Any CPU
		{42DB2C97-7011-4365-8167-BED5EA99D066}.Release|Any CPU.Build.0 = Release|Any CPU
		{2F18513F-B0AE-49EC-BBDD-974A85266759}.Debug|Any CPU.ActiveCfg = Debug|Any CPU
		{2F18513F-B0AE-49EC-BBDD-974A85266759}.Debug|Any CPU.Build.0 = Debug|Any CPU
		{2F18513F-B0AE-49EC-BBDD-974A85266759}.Release|Any CPU.ActiveCfg = Release|Any CPU
		{2F18513F-B0AE-49EC-BBDD-974A85266759}.Release|Any CPU.Build.0 = Release|Any CPU
		{09E24A76-F978-444C-A73B-BA9AAAA3ED36}.Debug|Any CPU.ActiveCfg = Debug|Any CPU
		{09E24A76-F978-444C-A73B-BA9AAAA3ED36}.Debug|Any CPU.Build.0 = Debug|Any CPU
		{09E24A76-F978-444C-A73B-BA9AAAA3ED36}.Release|Any CPU.ActiveCfg = Release|Any CPU
		{09E24A76-F978-444C-A73B-BA9AAAA3ED36}.Release|Any CPU.Build.0 = Release|Any CPU
		{D8FAFD79-D1F7-44C9-9A50-AC91B57D3BB5}.Debug|Any CPU.ActiveCfg = Debug|Any CPU
		{D8FAFD79-D1F7-44C9-9A50-AC91B57D3BB5}.Debug|Any CPU.Build.0 = Debug|Any CPU
		{D8FAFD79-D1F7-44C9-9A50-AC91B57D3BB5}.Release|Any CPU.ActiveCfg = Release|Any CPU
		{D8FAFD79-D1F7-44C9-9A50-AC91B57D3BB5}.Release|Any CPU.Build.0 = Release|Any CPU
		{4E38F9D6-B24F-4775-A083-FACFA98C4DA8}.Debug|Any CPU.ActiveCfg = Debug|Any CPU
		{4E38F9D6-B24F-4775-A083-FACFA98C4DA8}.Debug|Any CPU.Build.0 = Debug|Any CPU
		{4E38F9D6-B24F-4775-A083-FACFA98C4DA8}.Release|Any CPU.ActiveCfg = Release|Any CPU
		{4E38F9D6-B24F-4775-A083-FACFA98C4DA8}.Release|Any CPU.Build.0 = Release|Any CPU
		{AF11A28E-22AB-479C-BC7B-FE0131E8B34E}.Debug|Any CPU.ActiveCfg = Debug|Any CPU
		{AF11A28E-22AB-479C-BC7B-FE0131E8B34E}.Debug|Any CPU.Build.0 = Debug|Any CPU
		{AF11A28E-22AB-479C-BC7B-FE0131E8B34E}.Release|Any CPU.ActiveCfg = Release|Any CPU
		{AF11A28E-22AB-479C-BC7B-FE0131E8B34E}.Release|Any CPU.Build.0 = Release|Any CPU
		{49F18646-4045-40A0-98A8-8047A849EDE2}.Debug|Any CPU.ActiveCfg = Debug|Any CPU
		{49F18646-4045-40A0-98A8-8047A849EDE2}.Debug|Any CPU.Build.0 = Debug|Any CPU
		{49F18646-4045-40A0-98A8-8047A849EDE2}.Release|Any CPU.ActiveCfg = Release|Any CPU
		{49F18646-4045-40A0-98A8-8047A849EDE2}.Release|Any CPU.Build.0 = Release|Any CPU
		{A07BA41B-16EA-4295-8BE9-D1F9826CBBF3}.Debug|Any CPU.ActiveCfg = Debug|Any CPU
		{A07BA41B-16EA-4295-8BE9-D1F9826CBBF3}.Debug|Any CPU.Build.0 = Debug|Any CPU
		{A07BA41B-16EA-4295-8BE9-D1F9826CBBF3}.Release|Any CPU.ActiveCfg = Release|Any CPU
		{A07BA41B-16EA-4295-8BE9-D1F9826CBBF3}.Release|Any CPU.Build.0 = Release|Any CPU
	EndGlobalSection
	GlobalSection(SolutionProperties) = preSolution
		HideSolutionNode = FALSE
	EndGlobalSection
	GlobalSection(NestedProjects) = preSolution
		{84880B2C-25D7-44DA-9044-01B5B8D1D634} = {99F2157B-ABA6-416B-8E1E-877FB423A266}
		{BBDE066B-4BD8-42CA-9D0A-DEDC3037955B} = {CE3480DE-DD07-4100-9D4A-4E8F3C0290C0}
		{4EC231D3-270E-48CE-AF8C-9586CE7ADD1F} = {CE3480DE-DD07-4100-9D4A-4E8F3C0290C0}
		{4208B95C-F4B7-4649-8026-09B0C96EB1AB} = {CE3480DE-DD07-4100-9D4A-4E8F3C0290C0}
		{42DB2C97-7011-4365-8167-BED5EA99D066} = {CE3480DE-DD07-4100-9D4A-4E8F3C0290C0}
		{9B334EED-220C-415B-97E7-99F4E8372080} = {16004A43-7980-44AA-8F36-AB4086828472}
		{3DFBBFB6-C817-44E6-AE5C-78D6962EBDB3} = {16004A43-7980-44AA-8F36-AB4086828472}
		{CC1885BF-DA29-4569-8CCD-BDE007F9BA07} = {16004A43-7980-44AA-8F36-AB4086828472}
		{2F18513F-B0AE-49EC-BBDD-974A85266759} = {9B334EED-220C-415B-97E7-99F4E8372080}
		{30B9364A-ED32-49D2-B7D8-32E671E8BB77} = {16004A43-7980-44AA-8F36-AB4086828472}
		{09E24A76-F978-444C-A73B-BA9AAAA3ED36} = {CE3480DE-DD07-4100-9D4A-4E8F3C0290C0}
		{08F6E210-9731-4439-B959-F3FAEF49E5C7} = {16004A43-7980-44AA-8F36-AB4086828472}
		{D8FAFD79-D1F7-44C9-9A50-AC91B57D3BB5} = {08F6E210-9731-4439-B959-F3FAEF49E5C7}
		{4E38F9D6-B24F-4775-A083-FACFA98C4DA8} = {CC1885BF-DA29-4569-8CCD-BDE007F9BA07}
		{AF11A28E-22AB-479C-BC7B-FE0131E8B34E} = {30B9364A-ED32-49D2-B7D8-32E671E8BB77}
		{49F18646-4045-40A0-98A8-8047A849EDE2} = {3DFBBFB6-C817-44E6-AE5C-78D6962EBDB3}
		{A07BA41B-16EA-4295-8BE9-D1F9826CBBF3} = {12E0AEAC-6992-4151-A27A-7B62040E2566}
	EndGlobalSection
	GlobalSection(ExtensibilityGlobals) = postSolution
		SolutionGuid = {FE75517F-CC98-40B3-B50A-A6E5053329A1}
	EndGlobalSection
EndGlobal
